
Microsoft Visual Studio Solution File, Format Version 12.00
# Visual Studio Version 17
VisualStudioVersion = 17.7.34018.315
MinimumVisualStudioVersion = 10.0.40219.1
Project("{FAE04EC0-301F-11D3-BF4B-00C04F79EFBC}") = "WpfStudyTreeView3", "WpfStudyTreeView3\WpfStudyTreeView3.csproj", "{153AAE91-37CE-4A63-8A19-24AB661D9B26}"
EndProject
Global
	GlobalSection(SolutionConfigurationPlatforms) = preSolution
		Debug|Any CPU = Debug|Any CPU
		Release|Any CPU = Release|Any CPU
	EndGlobalSection
	GlobalSection(ProjectConfigurationPlatforms) = postSolution
		{153AAE91-37CE-4A63-8A19-24AB661D9B26}.Debug|Any CPU.ActiveCfg = Debug|Any CPU
		{153AAE91-37CE-4A63-8A19-24AB661D9B26}.Debug|Any CPU.Build.0 = Debug|Any CPU
		{153AAE91-37CE-4A63-8A19-24AB661D9B26}.Release|Any CPU.ActiveCfg = Release|Any CPU
		{153AAE91-37CE-4A63-8A19-24AB661D9B26}.Release|Any CPU.Build.0 = Release|Any CPU
	EndGlobalSection
	GlobalSection(SolutionProperties) = preSolution
		HideSolutionNode = FALSE
	EndGlobalSection
	GlobalSection(ExtensibilityGlobals) = postSolution
		SolutionGuid = {B6220F2F-4AB2-43FB-A917-F6AA29622C83}
	EndGlobalSection
EndGlobal
